
Microsoft Visual Studio Solution File, Format Version 12.00
# Visual Studio Version 17
VisualStudioVersion = 17.3.32901.215
MinimumVisualStudioVersion = 10.0.40219.1
Project("{FAE04EC0-301F-11D3-BF4B-00C04F79EFBC}") = "Integral", "Integral\Integral.csproj", "{CE7BD9B9-4EF3-48C5-B291-2CB222E2B975}"
EndProject
Project("{FAE04EC0-301F-11D3-BF4B-00C04F79EFBC}") = "Test_Integral", "Test_Integral\Test_Integral.csproj", "{AF617510-7AA2-40EB-BFA7-AE19EDB10D65}"
EndProject
Global
	GlobalSection(SolutionConfigurationPlatforms) = preSolution
		Debug|Any CPU = Debug|Any CPU
		Release|Any CPU = Release|Any CPU
	EndGlobalSection
	GlobalSection(ProjectConfigurationPlatforms) = postSolution
		{CE7BD9B9-4EF3-48C5-B291-2CB222E2B975}.Debug|Any CPU.ActiveCfg = Debug|Any CPU
		{CE7BD9B9-4EF3-48C5-B291-2CB222E2B975}.Debug|Any CPU.Build.0 = Debug|Any CPU
		{CE7BD9B9-4EF3-48C5-B291-2CB222E2B975}.Release|Any CPU.ActiveCfg = Release|Any CPU
		{CE7BD9B9-4EF3-48C5-B291-2CB222E2B975}.Release|Any CPU.Build.0 = Release|Any CPU
		{AF617510-7AA2-40EB-BFA7-AE19EDB10D65}.Debug|Any CPU.ActiveCfg = Debug|Any CPU
		{AF617510-7AA2-40EB-BFA7-AE19EDB10D65}.Debug|Any CPU.Build.0 = Debug|Any CPU
		{AF617510-7AA2-40EB-BFA7-AE19EDB10D65}.Release|Any CPU.ActiveCfg = Release|Any CPU
		{AF617510-7AA2-40EB-BFA7-AE19EDB10D65}.Release|Any CPU.Build.0 = Release|Any CPU
	EndGlobalSection
	GlobalSection(SolutionProperties) = preSolution
		HideSolutionNode = FALSE
	EndGlobalSection
	GlobalSection(ExtensibilityGlobals) = postSolution
		SolutionGuid = {5E569156-CCF5-4F0B-A42A-393EBB175B87}
	EndGlobalSection
EndGlobal
